[[package]]
category = "dev"
description = "A small Python module for determining appropriate platform-specific dirs, e.g. a \"user data dir\"."
name = "appdirs"
optional = false
python-versions = "*"
version = "1.4.4"

[[package]]
category = "dev"
description = "Atomic file writes."
name = "atomicwrites"
optional = false
python-versions = ">=2.7, !=3.0.*, !=3.1.*, !=3.2.*, !=3.3.*"
version = "1.4.0"

[[package]]
category = "dev"
description = "Classes Without Boilerplate"
name = "attrs"
optional = false
python-versions = ">=2.7, !=3.0.*, !=3.1.*, !=3.2.*, !=3.3.*"
version = "19.3.0"

[package.extras]
azure-pipelines = ["coverage", "hypothesis", "pympler", "pytest (>=4.3.0)", "six", "zope.interface", "pytest-azurepipelines"]
dev = ["coverage", "hypothesis", "pympler", "pytest (>=4.3.0)", "six", "zope.interface", "sphinx", "pre-commit"]
docs = ["sphinx", "zope.interface"]
tests = ["coverage", "hypothesis", "pympler", "pytest (>=4.3.0)", "six", "zope.interface"]

[[package]]
category = "dev"
description = "Removes unused imports and unused variables"
name = "autoflake"
optional = false
python-versions = "*"
version = "1.3.1"

[package.dependencies]
pyflakes = ">=1.1.0"

[[package]]
category = "dev"
description = "The uncompromising code formatter."
name = "black"
optional = false
python-versions = ">=3.6"
version = "19.3b0"

[package.dependencies]
appdirs = "*"
attrs = ">=18.1.0"
click = ">=6.5"
toml = ">=0.9.4"

[package.extras]
d = ["aiohttp (>=3.3.2)", "aiohttp-cors"]

[[package]]
category = "dev"
description = "Composable command line interface toolkit"
name = "click"
optional = false
python-versions = ">=2.7, !=3.0.*, !=3.1.*, !=3.2.*, !=3.3.*, !=3.4.*"
version = "7.1.2"

[[package]]
category = "dev"
description = "Cross-platform colored terminal text."
marker = "sys_platform == \"win32\" and python_version != \"3.4\""
name = "colorama"
optional = false
python-versions = ">=2.7, !=3.0.*, !=3.1.*, !=3.2.*, !=3.3.*, !=3.4.*"
version = "0.4.3"

[[package]]
category = "main"
description = "A backport of the dataclasses module for Python 3.6"
marker = "python_version < \"3.7\""
name = "dataclasses"
optional = false
python-versions = "*"
version = "0.6"

[[package]]
category = "dev"
description = "Pythonic argument parser, that will make you smile"
name = "docopt"
optional = false
python-versions = "*"
version = "0.6.2"

[[package]]
category = "dev"
description = "Read metadata from Python packages"
marker = "python_version < \"3.8\""
name = "importlib-metadata"
optional = false
python-versions = "!=3.0.*,!=3.1.*,!=3.2.*,!=3.3.*,!=3.4.*,>=2.7"
version = "1.7.0"

[package.dependencies]
zipp = ">=0.5"

[package.extras]
docs = ["sphinx", "rst.linker"]
testing = ["packaging", "pep517", "importlib-resources (>=1.3)"]

[[package]]
category = "dev"
description = "An autocompletion tool for Python that can be used for text editors."
name = "jedi"
optional = false
python-versions = ">=2.7, !=3.0.*, !=3.1.*, !=3.2.*, !=3.3.*, !=3.4.*"
version = "0.17.2"

[package.dependencies]
parso = ">=0.7.0,<0.8.0"

[package.extras]
qa = ["flake8 (3.7.9)"]
testing = ["Django (<3.1)", "colorama", "docopt", "pytest (>=3.9.0,<5.0.0)"]

[[package]]
category = "dev"
description = "More routines for operating on iterables, beyond itertools"
marker = "python_version > \"2.7\""
name = "more-itertools"
optional = false
python-versions = ">=3.5"
version = "8.4.0"

[[package]]
category = "dev"
description = "Optional static typing for Python (mypyc-compiled version)"
name = "mypy"
optional = false
python-versions = "*"
version = "0.701"

[package.dependencies]
mypy-extensions = ">=0.4.0,<0.5.0"
typed-ast = ">=1.3.1,<1.4.0"

[package.extras]
dmypy = ["psutil (>=5.4.0,<5.5.0)"]

[[package]]
category = "dev"
description = "Experimental type system extensions for programs checked with the mypy typechecker."
name = "mypy-extensions"
optional = false
python-versions = "*"
version = "0.4.3"

[[package]]
category = "dev"
description = "Core utilities for Python packages"
name = "packaging"
optional = false
python-versions = ">=2.7, !=3.0.*, !=3.1.*, !=3.2.*, !=3.3.*"
version = "20.4"

[package.dependencies]
pyparsing = ">=2.0.2"
six = "*"

[[package]]
category = "dev"
description = "A Python Parser"
name = "parso"
optional = false
python-versions = ">=2.7, !=3.0.*, !=3.1.*, !=3.2.*, !=3.3.*"
version = "0.7.1"

[package.extras]
testing = ["docopt", "pytest (>=3.0.7)"]

[[package]]
category = "dev"
description = "plugin and hook calling mechanisms for python"
name = "pluggy"
optional = false
python-versions = ">=2.7, !=3.0.*, !=3.1.*, !=3.2.*, !=3.3.*"
version = "0.13.1"

[package.dependencies]
[package.dependencies.importlib-metadata]
python = "<3.8"
version = ">=0.12"

[package.extras]
dev = ["pre-commit", "tox"]

[[package]]
category = "dev"
description = "Library for building powerful interactive command lines in Python"
name = "prompt-toolkit"
optional = false
python-versions = ">=2.6, !=3.0.*, !=3.1.*, !=3.2.*"
version = "2.0.10"

[package.dependencies]
six = ">=1.9.0"
wcwidth = "*"

[[package]]
category = "dev"
description = "Python REPL build on top of prompt_toolkit"
name = "ptpython"
optional = false
python-versions = "*"
version = "2.0.6"

[package.dependencies]
docopt = "*"
jedi = ">=0.9.0"
prompt-toolkit = ">=2.0.8,<2.1.0"
pygments = "*"

[package.extras]
ptipython = ["ipython"]

[[package]]
category = "dev"
description = "library with cross-python path, ini-parsing, io, code, log facilities"
name = "py"
optional = false
python-versions = ">=2.7, !=3.0.*, !=3.1.*, !=3.2.*, !=3.3.*"
version = "1.9.0"

[[package]]
category = "dev"
description = "passive checker of Python programs"
name = "pyflakes"
optional = false
python-versions = ">=2.7, !=3.0.*, !=3.1.*, !=3.2.*, !=3.3.*"
version = "2.2.0"

[[package]]
category = "dev"
description = "Pygments is a syntax highlighting package written in Python."
name = "pygments"
optional = false
python-versions = ">=3.5"
version = "2.6.1"

[[package]]
category = "dev"
description = "Python parsing module"
name = "pyparsing"
optional = false
python-versions = ">=2.6, !=3.0.*, !=3.1.*, !=3.2.*"
version = "2.4.7"

[[package]]
category = "dev"
description = "pytest: simple powerful testing with Python"
name = "pytest"
optional = false
python-versions = "!=3.0.*,!=3.1.*,!=3.2.*,!=3.3.*,>=2.7"
version = "4.6.11"

[package.dependencies]
atomicwrites = ">=1.0"
attrs = ">=17.4.0"
packaging = "*"
pluggy = ">=0.12,<1.0"
py = ">=1.5.0"
six = ">=1.10.0"
wcwidth = "*"

[package.dependencies.colorama]
python = "<3.4.0 || >=3.5.0"
version = "*"

[package.dependencies.importlib-metadata]
python = "<3.8"
version = ">=0.12"

[package.dependencies.more-itertools]
python = ">=2.8"
version = ">=4.0.0"

[package.extras]
testing = ["argcomplete", "hypothesis (>=3.56)", "nose", "requests", "mock"]

[[package]]
category = "dev"
description = "Python 2 and 3 compatibility utilities"
name = "six"
optional = false
python-versions = ">=2.7, !=3.0.*, !=3.1.*, !=3.2.*"
version = "1.15.0"

[[package]]
category = "dev"
description = "Python Library for Tom's Obvious, Minimal Language"
name = "toml"
optional = false
python-versions = "*"
version = "0.10.1"

[[package]]
category = "dev"
description = "a fork of Python 2 and 3 ast modules with type comment support"
name = "typed-ast"
optional = false
python-versions = "*"
version = "1.3.5"

[[package]]
category = "main"
description = "Backported and Experimental Type Hints for Python 3.5+"
name = "typing-extensions"
optional = false
python-versions = "*"
version = "3.7.4.2"

[[package]]
category = "dev"
description = "Measures the displayed width of unicode strings in a terminal"
name = "wcwidth"
optional = false
python-versions = "*"
version = "0.2.5"

[[package]]
category = "dev"
description = "Backport of pathlib-compatible object wrapper for zip files"
marker = "python_version < \"3.8\""
name = "zipp"
optional = false
python-versions = ">=3.6"
version = "3.1.0"

[package.extras]
docs = ["sphinx", "jaraco.packaging (>=3.2)", "rst.linker (>=1.9)"]
testing = ["jaraco.itertools", "func-timeout"]

[metadata]
content-hash = "6dc1f6e4bbbb7d4f204ad53d2df591dfbe19a91a0d2d4eb3cdcc14f272d2d9d4"
lock-version = "1.0"
python-versions = "^3.6"

[metadata.files]
appdirs = [
    {file = "appdirs-1.4.4-py2.py3-none-any.whl", hash = "sha256:a841dacd6b99318a741b166adb07e19ee71a274450e68237b4650ca1055ab128"},
    {file = "appdirs-1.4.4.tar.gz", hash = "sha256:7d5d0167b2b1ba821647616af46a749d1c653740dd0d2415100fe26e27afdf41"},
]
atomicwrites = [
    {file = "atomicwrites-1.4.0-py2.py3-none-any.whl", hash = "sha256:6d1784dea7c0c8d4a5172b6c620f40b6e4cbfdf96d783691f2e1302a7b88e197"},
    {file = "atomicwrites-1.4.0.tar.gz", hash = "sha256:ae70396ad1a434f9c7046fd2dd196fc04b12f9e91ffb859164193be8b6168a7a"},
]
attrs = [
    {file = "attrs-19.3.0-py2.py3-none-any.whl", hash = "sha256:08a96c641c3a74e44eb59afb61a24f2cb9f4d7188748e76ba4bb5edfa3cb7d1c"},
    {file = "attrs-19.3.0.tar.gz", hash = "sha256:f7b7ce16570fe9965acd6d30101a28f62fb4a7f9e926b3bbc9b61f8b04247e72"},
]
autoflake = [
    {file = "autoflake-1.3.1.tar.gz", hash = "sha256:680cb9dade101ed647488238ccb8b8bfb4369b53d58ba2c8cdf7d5d54e01f95b"},
]
black = [
    {file = "black-19.3b0-py36-none-any.whl", hash = "sha256:09a9dcb7c46ed496a9850b76e4e825d6049ecd38b611f1224857a79bd985a8cf"},
    {file = "black-19.3b0.tar.gz", hash = "sha256:68950ffd4d9169716bcb8719a56c07a2f4485354fec061cdd5910aa07369731c"},
]
click = [
    {file = "click-7.1.2-py2.py3-none-any.whl", hash = "sha256:dacca89f4bfadd5de3d7489b7c8a566eee0d3676333fbb50030263894c38c0dc"},
    {file = "click-7.1.2.tar.gz", hash = "sha256:d2b5255c7c6349bc1bd1e59e08cd12acbbd63ce649f2588755783aa94dfb6b1a"},
]
colorama = [
    {file = "colorama-0.4.3-py2.py3-none-any.whl", hash = "sha256:7d73d2a99753107a36ac6b455ee49046802e59d9d076ef8e47b61499fa29afff"},
    {file = "colorama-0.4.3.tar.gz", hash = "sha256:e96da0d330793e2cb9485e9ddfd918d456036c7149416295932478192f4436a1"},
]
dataclasses = [
    {file = "dataclasses-0.6-py3-none-any.whl", hash = "sha256:454a69d788c7fda44efd71e259be79577822f5e3f53f029a22d08004e951dc9f"},
    {file = "dataclasses-0.6.tar.gz", hash = "sha256:6988bd2b895eef432d562370bb707d540f32f7360ab13da45340101bc2307d84"},
]
docopt = [
    {file = "docopt-0.6.2.tar.gz", hash = "sha256:49b3a825280bd66b3aa83585ef59c4a8c82f2c8a522dbe754a8bc8d08c85c491"},
]
importlib-metadata = [
    {file = "importlib_metadata-1.7.0-py2.py3-none-any.whl", hash = "sha256:dc15b2969b4ce36305c51eebe62d418ac7791e9a157911d58bfb1f9ccd8e2070"},
    {file = "importlib_metadata-1.7.0.tar.gz", hash = "sha256:90bb658cdbbf6d1735b6341ce708fc7024a3e14e99ffdc5783edea9f9b077f83"},
]
jedi = [
    {file = "jedi-0.17.2-py2.py3-none-any.whl", hash = "sha256:98cc583fa0f2f8304968199b01b6b4b94f469a1f4a74c1560506ca2a211378b5"},
    {file = "jedi-0.17.2.tar.gz", hash = "sha256:86ed7d9b750603e4ba582ea8edc678657fb4007894a12bcf6f4bb97892f31d20"},
]
more-itertools = [
    {file = "more-itertools-8.4.0.tar.gz", hash = "sha256:68c70cc7167bdf5c7c9d8f6954a7837089c6a36bf565383919bb595efb8a17e5"},
    {file = "more_itertools-8.4.0-py3-none-any.whl", hash = "sha256:b78134b2063dd214000685165d81c154522c3ee0a1c0d4d113c80361c234c5a2"},
]
mypy = [
    {file = "mypy-0.701-cp35-cp35m-macosx_10_6_x86_64.macosx_10_9_intel.macosx_10_9_x86_64.macosx_10_10_intel.macosx_10_10_x86_64.whl", hash = "sha256:6a9343089f6377e71e20ca734cd8e7ac25d36478a9df580efabfe9059819bf82"},
    {file = "mypy-0.701-cp35-cp35m-manylinux1_x86_64.whl", hash = "sha256:6c9851bc4a23dc1d854d3f5dfd5f20a016f8da86bcdbb42687879bb5f86434b0"},
    {file = "mypy-0.701-cp35-cp35m-win_amd64.whl", hash = "sha256:b8e85956af3fcf043d6f87c91cbe8705073fc67029ba6e22d3468bfee42c4823"},
    {file = "mypy-0.701-cp36-cp36m-macosx_10_6_x86_64.macosx_10_9_intel.macosx_10_9_x86_64.macosx_10_10_intel.macosx_10_10_x86_64.whl", hash = "sha256:56a16df3e0abb145d8accd5dbb70eba6c4bd26e2f89042b491faa78c9635d1e2"},
    {file = "mypy-0.701-cp36-cp36m-manylinux1_x86_64.whl", hash = "sha256:5bbc86374f04a3aa817622f98e40375ccb28c4836f36b66706cf3c6ccce86eda"},
    {file = "mypy-0.701-cp36-cp36m-win_amd64.whl", hash = "sha256:bbf643528e2a55df2c1587008d6e3bda5c0445f1240dfa85129af22ae16d7a9a"},
    {file = "mypy-0.701-cp37-cp37m-macosx_10_6_x86_64.macosx_10_9_intel.macosx_10_9_x86_64.macosx_10_10_intel.macosx_10_10_x86_64.whl", hash = "sha256:b9a0af8fae490306bc112229000aa0c2ccc837b49d29a5c42e088c132a2334dd"},
    {file = "mypy-0.701-cp37-cp37m-manylinux1_x86_64.whl", hash = "sha256:c46ab3438bd21511db0f2c612d89d8344154c0c9494afc7fbc932de514cf8d15"},
    {file = "mypy-0.701-cp37-cp37m-win_amd64.whl", hash = "sha256:2afe51527b1f6cdc4a5f34fc90473109b22bf7f21086ba3e9451857cf11489e6"},
    {file = "mypy-0.701-py3-none-any.whl", hash = "sha256:f7a83d6bd805855ef83ec605eb01ab4fa42bcef254b13631e451cbb44914a9b0"},
    {file = "mypy-0.701.tar.gz", hash = "sha256:5764f10d27b2e93c84f70af5778941b8f4aa1379b2430f85c827e0f5464e8714"},
]
mypy-extensions = [
    {file = "mypy_extensions-0.4.3-py2.py3-none-any.whl", hash = "sha256:090fedd75945a69ae91ce1303b5824f428daf5a028d2f6ab8a299250a846f15d"},
    {file = "mypy_extensions-0.4.3.tar.gz", hash = "sha256:2d82818f5bb3e369420cb3c4060a7970edba416647068eb4c5343488a6c604a8"},
]
packaging = [
    {file = "packaging-20.4-py2.py3-none-any.whl", hash = "sha256:998416ba6962ae7fbd6596850b80e17859a5753ba17c32284f67bfff33784181"},
    {file = "packaging-20.4.tar.gz", hash = "sha256:4357f74f47b9c12db93624a82154e9b120fa8293699949152b22065d556079f8"},
]
parso = [
    {file = "parso-0.7.1-py2.py3-none-any.whl", hash = "sha256:97218d9159b2520ff45eb78028ba8b50d2bc61dcc062a9682666f2dc4bd331ea"},
    {file = "parso-0.7.1.tar.gz", hash = "sha256:caba44724b994a8a5e086460bb212abc5a8bc46951bf4a9a1210745953622eb9"},
]
pluggy = [
    {file = "pluggy-0.13.1-py2.py3-none-any.whl", hash = "sha256:966c145cd83c96502c3c3868f50408687b38434af77734af1e9ca461a4081d2d"},
    {file = "pluggy-0.13.1.tar.gz", hash = "sha256:15b2acde666561e1298d71b523007ed7364de07029219b604cf808bfa1c765b0"},
]
prompt-toolkit = [
    {file = "prompt_toolkit-2.0.10-py2-none-any.whl", hash = "sha256:e7f8af9e3d70f514373bf41aa51bc33af12a6db3f71461ea47fea985defb2c31"},
    {file = "prompt_toolkit-2.0.10-py3-none-any.whl", hash = "sha256:46642344ce457641f28fc9d1c9ca939b63dadf8df128b86f1b9860e59c73a5e4"},
    {file = "prompt_toolkit-2.0.10.tar.gz", hash = "sha256:f15af68f66e664eaa559d4ac8a928111eebd5feda0c11738b5998045224829db"},
]
ptpython = [
    {file = "ptpython-2.0.6-py2.py3-none-any.whl", hash = "sha256:0977f56c934789d9955839ef71268148858f826fda49b267cb377ac7501a897b"},
    {file = "ptpython-2.0.6.tar.gz", hash = "sha256:90e24040e82de4abae0bbe6e352d59ae6657e14e1154e742c0038679361b052f"},
]
py = [
    {file = "py-1.9.0-py2.py3-none-any.whl", hash = "sha256:366389d1db726cd2fcfc79732e75410e5fe4d31db13692115529d34069a043c2"},
    {file = "py-1.9.0.tar.gz", hash = "sha256:9ca6883ce56b4e8da7e79ac18787889fa5206c79dcc67fb065376cd2fe03f342"},
]
pyflakes = [
    {file = "pyflakes-2.2.0-py2.py3-none-any.whl", hash = "sha256:0d94e0e05a19e57a99444b6ddcf9a6eb2e5c68d3ca1e98e90707af8152c90a92"},
    {file = "pyflakes-2.2.0.tar.gz", hash = "sha256:35b2d75ee967ea93b55750aa9edbbf72813e06a66ba54438df2cfac9e3c27fc8"},
]
pygments = [
    {file = "Pygments-2.6.1-py3-none-any.whl", hash = "sha256:ff7a40b4860b727ab48fad6360eb351cc1b33cbf9b15a0f689ca5353e9463324"},
    {file = "Pygments-2.6.1.tar.gz", hash = "sha256:647344a061c249a3b74e230c739f434d7ea4d8b1d5f3721bc0f3558049b38f44"},
]
pyparsing = [
    {file = "pyparsing-2.4.7-py2.py3-none-any.whl", hash = "sha256:ef9d7589ef3c200abe66653d3f1ab1033c3c419ae9b9bdb1240a85b024efc88b"},
    {file = "pyparsing-2.4.7.tar.gz", hash = "sha256:c203ec8783bf771a155b207279b9bccb8dea02d8f0c9e5f8ead507bc3246ecc1"},
]
pytest = [
    {file = "pytest-4.6.11-py2.py3-none-any.whl", hash = "sha256:a00a7d79cbbdfa9d21e7d0298392a8dd4123316bfac545075e6f8f24c94d8c97"},
    {file = "pytest-4.6.11.tar.gz", hash = "sha256:50fa82392f2120cc3ec2ca0a75ee615be4c479e66669789771f1758332be4353"},
]
six = [
    {file = "six-1.15.0-py2.py3-none-any.whl", hash = "sha256:8b74bedcbbbaca38ff6d7491d76f2b06b3592611af620f8426e82dddb04a5ced"},
    {file = "six-1.15.0.tar.gz", hash = "sha256:30639c035cdb23534cd4aa2dd52c3bf48f06e5f4a941509c8bafd8ce11080259"},
]
toml = [
    {file = "toml-0.10.1-py2.py3-none-any.whl", hash = "sha256:bda89d5935c2eac546d648028b9901107a595863cb36bae0c73ac804a9b4ce88"},
    {file = "toml-0.10.1.tar.gz", hash = "sha256:926b612be1e5ce0634a2ca03470f95169cf16f939018233a670519cb4ac58b0f"},
]
typed-ast = [
    {file = "typed-ast-1.3.5.tar.gz", hash = "sha256:5315f4509c1476718a4825f45a203b82d7fdf2a6f5f0c8f166435975b1c9f7d4"},
    {file = "typed_ast-1.3.5-cp34-cp34m-manylinux1_i686.whl", hash = "sha256:eaa9cfcb221a8a4c2889be6f93da141ac777eb8819f077e1d09fb12d00a09a93"},
    {file = "typed_ast-1.3.5-cp34-cp34m-manylinux1_x86_64.whl", hash = "sha256:4304b2218b842d610aa1a1d87e1dc9559597969acc62ce717ee4dfeaa44d7eee"},
    {file = "typed_ast-1.3.5-cp34-cp34m-win32.whl", hash = "sha256:912de10965f3dc89da23936f1cc4ed60764f712e5fa603a09dd904f88c996760"},
    {file = "typed_ast-1.3.5-cp34-cp34m-win_amd64.whl", hash = "sha256:6cdfb1b49d5345f7c2b90d638822d16ba62dc82f7616e9b4caa10b72f3f16649"},
    {file = "typed_ast-1.3.5-cp35-cp35m-manylinux1_i686.whl", hash = "sha256:4983ede548ffc3541bae49a82675996497348e55bafd1554dc4e4a5d6eda541a"},
    {file = "typed_ast-1.3.5-cp35-cp35m-manylinux1_x86_64.whl", hash = "sha256:ce65dee7594a84c466e79d7fb7d3303e7295d16a83c22c7c4037071b059e2c21"},
    {file = "typed_ast-1.3.5-cp35-cp35m-win32.whl", hash = "sha256:2baf617f5bbbfe73fd8846463f5aeafc912b5ee247f410700245d68525ec584a"},
    {file = "typed_ast-1.3.5-cp35-cp35m-win_amd64.whl", hash = "sha256:c94dd3807c0c0610f7c76f078119f4ea48235a953512752b9175f9f98f5ae2bd"},
    {file = "typed_ast-1.3.5-cp36-cp36m-macosx_10_9_x86_64.whl", hash = "sha256:3d90063f2cbbe39177e9b4d888e45777012652d6110156845b828908c51ae462"},
    {file = "typed_ast-1.3.5-cp36-cp36m-manylinux1_i686.whl", hash = "sha256:f3376bc31bad66d46d44b4e6522c5c21976bf9bca4ef5987bb2bf727f4506cbb"},
    {file = "typed_ast-1.3.5-cp36-cp36m-manylinux1_x86_64.whl", hash = "sha256:c908c10505904c48081a5415a1e295d8403e353e0c14c42b6d67f8f97fae6616"},
    {file = "typed_ast-1.3.5-cp36-cp36m-win32.whl", hash = "sha256:8f8631160c79f53081bd23446525db0bc4c5616f78d04021e6e434b286493fd7"},
    {file = "typed_ast-1.3.5-cp36-cp36m-win_amd64.whl", hash = "sha256:7b325f12635598c604690efd7a0197d0b94b7d7778498e76e0710cd582fd1c7a"},
    {file = "typed_ast-1.3.5-cp37-cp37m-macosx_10_9_x86_64.whl", hash = "sha256:132eae51d6ef3ff4a8c47c393a4ef5ebf0d1aecc96880eb5d6c8ceab7017cc9b"},
    {file = "typed_ast-1.3.5-cp37-cp37m-manylinux1_i686.whl", hash = "sha256:18141c1484ab8784006c839be8b985cfc82a2e9725837b0ecfa0203f71c4e39d"},
    {file = "typed_ast-1.3.5-cp37-cp37m-manylinux1_x86_64.whl", hash = "sha256:8d3b0e3b8626615826f9a626548057c5275a9733512b137984a68ba1598d3d2f"},
    {file = "typed_ast-1.3.5-cp37-cp37m-win32.whl", hash = "sha256:f9202fa138544e13a4ec1a6792c35834250a85958fde1251b6a22e07d1260ae7"},
    {file = "typed_ast-1.3.5-cp37-cp37m-win_amd64.whl", hash = "sha256:b010c07b975fe853c65d7bbe9d4ac62f1c69086750a574f6292597763781ba18"},
]
typing-extensions = [
    {file = "typing_extensions-3.7.4.2-py2-none-any.whl", hash = "sha256:f8d2bd89d25bc39dabe7d23df520442fa1d8969b82544370e03d88b5a591c392"},
    {file = "typing_extensions-3.7.4.2-py3-none-any.whl", hash = "sha256:6e95524d8a547a91e08f404ae485bbb71962de46967e1b71a0cb89af24e761c5"},
    {file = "typing_extensions-3.7.4.2.tar.gz", hash = "sha256:79ee589a3caca649a9bfd2a8de4709837400dfa00b6cc81962a1e6a1815969ae"},
]
wcwidth = [
    {file = "wcwidth-0.2.5-py2.py3-none-any.whl", hash = "sha256:beb4802a9cebb9144e99086eff703a642a13d6a0052920003a230f3294bbe784"},
    {file = "wcwidth-0.2.5.tar.gz", hash = "sha256:c4d647b99872929fdb7bdcaa4fbe7f01413ed3d98077df798530e5b04f116c83"},
]
zipp = [
    {file = "zipp-3.1.0-py3-none-any.whl", hash = "sha256:aa36550ff0c0b7ef7fa639055d797116ee891440eac1a56f378e2d3179e0320b"},
    {file = "zipp-3.1.0.tar.gz", hash = "sha256:c599e4d75c98f6798c509911d08a22e6c021d074469042177c8c86fb92eefd96"},
]
